// !$*UTF8*$!
{
	archiveVersion = 1;
	classes = {
	};
	objectVersion = 51;
	objects = {

/* Begin PBXBuildFile section */
		70849EB1A1B982F84B67E71F /* Pods_medicines_app_medicines_appUITests.framework in Frameworks */ = {isa = PBXBuildFile; fileRef = EE7CA27B34AFF774FA01E2C0 /* Pods_medicines_app_medicines_appUITests.framework */; };
		7C06F5EC6520672310088B7D /* Pods_medicines_appTests.framework in Frameworks */ = {isa = PBXBuildFile; fileRef = 00080FE505A2F7599E61F949 /* Pods_medicines_appTests.framework */; };
		93F00F5A248E4FDF0043C6C9 /* AppDelegate.swift in Sources */ = {isa = PBXBuildFile; fileRef = 93F00F59248E4FDF0043C6C9 /* AppDelegate.swift */; };
		93F00F5C248E4FDF0043C6C9 /* SceneDelegate.swift in Sources */ = {isa = PBXBuildFile; fileRef = 93F00F5B248E4FDF0043C6C9 /* SceneDelegate.swift */; };
		93F00F5E248E4FDF0043C6C9 /* ViewController.swift in Sources */ = {isa = PBXBuildFile; fileRef = 93F00F5D248E4FDF0043C6C9 /* ViewController.swift */; };
		93F00F61248E4FDF0043C6C9 /* Main.storyboard in Resources */ = {isa = PBXBuildFile; fileRef = 93F00F5F248E4FDF0043C6C9 /* Main.storyboard */; };
		93F00F63248E4FE00043C6C9 /* Assets.xcassets in Resources */ = {isa = PBXBuildFile; fileRef = 93F00F62248E4FE00043C6C9 /* Assets.xcassets */; };
		93F00F66248E4FE00043C6C9 /* LaunchScreen.storyboard in Resources */ = {isa = PBXBuildFile; fileRef = 93F00F64248E4FE00043C6C9 /* LaunchScreen.storyboard */; };
		93F00F71248E4FE00043C6C9 /* medicines_appTests.swift in Sources */ = {isa = PBXBuildFile; fileRef = 93F00F70248E4FE00043C6C9 /* medicines_appTests.swift */; };
		93F00F7C248E4FE00043C6C9 /* medicines_appUITests.swift in Sources */ = {isa = PBXBuildFile; fileRef = 93F00F7B248E4FE00043C6C9 /* medicines_appUITests.swift */; };
		93F00F8F248E521B0043C6C9 /* ApiConfigConstant.swift in Sources */ = {isa = PBXBuildFile; fileRef = 93F00F8E248E521B0043C6C9 /* ApiConfigConstant.swift */; };
		93F00F91248E523B0043C6C9 /* HttpHeaderConstant.swift in Sources */ = {isa = PBXBuildFile; fileRef = 93F00F90248E523B0043C6C9 /* HttpHeaderConstant.swift */; };
		93F00F93248E52540043C6C9 /* BaseApi.swift in Sources */ = {isa = PBXBuildFile; fileRef = 93F00F92248E52540043C6C9 /* BaseApi.swift */; };
		93F00F95248E52770043C6C9 /* GenericResponse.swift in Sources */ = {isa = PBXBuildFile; fileRef = 93F00F94248E52770043C6C9 /* GenericResponse.swift */; };
		93F00F97248E52A00043C6C9 /* MedicationResponse.swift in Sources */ = {isa = PBXBuildFile; fileRef = 93F00F96248E52A00043C6C9 /* MedicationResponse.swift */; };
		93F00F9B248E53840043C6C9 /* ApiMedications.swift in Sources */ = {isa = PBXBuildFile; fileRef = 93F00F9A248E53840043C6C9 /* ApiMedications.swift */; };
		93F00FA2248E53E60043C6C9 /* MedicineListContract.swift in Sources */ = {isa = PBXBuildFile; fileRef = 93F00FA1248E53E60043C6C9 /* MedicineListContract.swift */; };
		93F00FA4248E54320043C6C9 /* MedicineListViewController.swift in Sources */ = {isa = PBXBuildFile; fileRef = 93F00FA3248E54320043C6C9 /* MedicineListViewController.swift */; };
		93F00FA6248E54480043C6C9 /* MedicineList.storyboard in Resources */ = {isa = PBXBuildFile; fileRef = 93F00FA5248E54480043C6C9 /* MedicineList.storyboard */; };
		93F00FA8248E54590043C6C9 /* MedicineListPresenter.swift in Sources */ = {isa = PBXBuildFile; fileRef = 93F00FA7248E54590043C6C9 /* MedicineListPresenter.swift */; };
		93F00FAA248E54680043C6C9 /* MedicineListInteractor.swift in Sources */ = {isa = PBXBuildFile; fileRef = 93F00FA9248E54680043C6C9 /* MedicineListInteractor.swift */; };
		93F00FAC248E54CE0043C6C9 /* MedicineListRouter.swift in Sources */ = {isa = PBXBuildFile; fileRef = 93F00FAB248E54CE0043C6C9 /* MedicineListRouter.swift */; };
		93F00FAF248E55400043C6C9 /* MedicineListTableViewCell.swift in Sources */ = {isa = PBXBuildFile; fileRef = 93F00FAD248E55400043C6C9 /* MedicineListTableViewCell.swift */; };
		93F00FB0248E55400043C6C9 /* MedicineListTableViewCell.xib in Resources */ = {isa = PBXBuildFile; fileRef = 93F00FAE248E55400043C6C9 /* MedicineListTableViewCell.xib */; };
		B126A9D85CFC67FFEFC04064 /* Pods_medicines_app.framework in Frameworks */ = {isa = PBXBuildFile; fileRef = A2BF1AC0C716877B711A0197 /* Pods_medicines_app.framework */; };
/* End PBXBuildFile section */

/* Begin PBXContainerItemProxy section */
		93F00F6D248E4FE00043C6C9 /* PBXContainerItemProxy */ = {
			isa = PBXContainerItemProxy;
			containerPortal = 93F00F4E248E4FDF0043C6C9 /* Project object */;
			proxyType = 1;
			remoteGlobalIDString = 93F00F55248E4FDF0043C6C9;
			remoteInfo = "medicines-app";
		};
		93F00F78248E4FE00043C6C9 /* PBXContainerItemProxy */ = {
			isa = PBXContainerItemProxy;
			containerPortal = 93F00F4E248E4FDF0043C6C9 /* Project object */;
			proxyType = 1;
			remoteGlobalIDString = 93F00F55248E4FDF0043C6C9;
			remoteInfo = "medicines-app";
		};
/* End PBXContainerItemProxy section */

/* Begin PBXFileReference section */
		00080FE505A2F7599E61F949 /* Pods_medicines_appTests.framework */ = {isa = PBXFileReference; explicitFileType = wrapper.framework; includeInIndex = 0; path = Pods_medicines_appTests.framework; sourceTree = BUILT_PRODUCTS_DIR; };
		417B21A63D7461CF31ACEF74 /* Pods-medicines-app-medicines-appUITests.debug.xcconfig */ = {isa = PBXFileReference; includeInIndex = 1; lastKnownFileType = text.xcconfig; name = "Pods-medicines-app-medicines-appUITests.debug.xcconfig"; path = "Target Support Files/Pods-medicines-app-medicines-appUITests/Pods-medicines-app-medicines-appUITests.debug.xcconfig"; sourceTree = "<group>"; };
		4CC1F82B43F33BA5BC1A8887 /* Pods-medicines-app-medicines-appUITests.release.xcconfig */ = {isa = PBXFileReference; includeInIndex = 1; lastKnownFileType = text.xcconfig; name = "Pods-medicines-app-medicines-appUITests.release.xcconfig"; path = "Target Support Files/Pods-medicines-app-medicines-appUITests/Pods-medicines-app-medicines-appUITests.release.xcconfig"; sourceTree = "<group>"; };
		57286E7B6DFA5B3E805BEC22 /* Pods-medicines-app.debug.xcconfig */ = {isa = PBXFileReference; includeInIndex = 1; lastKnownFileType = text.xcconfig; name = "Pods-medicines-app.debug.xcconfig"; path = "Target Support Files/Pods-medicines-app/Pods-medicines-app.debug.xcconfig"; sourceTree = "<group>"; };
		65A670FCF094510FEE67E937 /* Pods-medicines-app.release.xcconfig */ = {isa = PBXFileReference; includeInIndex = 1; lastKnownFileType = text.xcconfig; name = "Pods-medicines-app.release.xcconfig"; path = "Target Support Files/Pods-medicines-app/Pods-medicines-app.release.xcconfig"; sourceTree = "<group>"; };
		93F00F56248E4FDF0043C6C9 /* medicines-app.app */ = {isa = PBXFileReference; explicitFileType = wrapper.application; includeInIndex = 0; path = "medicines-app.app"; sourceTree = BUILT_PRODUCTS_DIR; };
		93F00F59248E4FDF0043C6C9 /* AppDelegate.swift */ = {isa = PBXFileReference; lastKnownFileType = sourcecode.swift; path = AppDelegate.swift; sourceTree = "<group>"; };
		93F00F5B248E4FDF0043C6C9 /* SceneDelegate.swift */ = {isa = PBXFileReference; lastKnownFileType = sourcecode.swift; path = SceneDelegate.swift; sourceTree = "<group>"; };
		93F00F5D248E4FDF0043C6C9 /* ViewController.swift */ = {isa = PBXFileReference; lastKnownFileType = sourcecode.swift; path = ViewController.swift; sourceTree = "<group>"; };
		93F00F60248E4FDF0043C6C9 /* Base */ = {isa = PBXFileReference; lastKnownFileType = file.storyboard; name = Base; path = Base.lproj/Main.storyboard; sourceTree = "<group>"; };
		93F00F62248E4FE00043C6C9 /* Assets.xcassets */ = {isa = PBXFileReference; lastKnownFileType = folder.assetcatalog; path = Assets.xcassets; sourceTree = "<group>"; };
		93F00F65248E4FE00043C6C9 /* Base */ = {isa = PBXFileReference; lastKnownFileType = file.storyboard; name = Base; path = Base.lproj/LaunchScreen.storyboard; sourceTree = "<group>"; };
		93F00F67248E4FE00043C6C9 /* Info.plist */ = {isa = PBXFileReference; lastKnownFileType = text.plist.xml; path = Info.plist; sourceTree = "<group>"; };
		93F00F6C248E4FE00043C6C9 /* medicines-appTests.xctest */ = {isa = PBXFileReference; explicitFileType = wrapper.cfbundle; includeInIndex = 0; path = "medicines-appTests.xctest"; sourceTree = BUILT_PRODUCTS_DIR; };
		93F00F70248E4FE00043C6C9 /* medicines_appTests.swift */ = {isa = PBXFileReference; lastKnownFileType = sourcecode.swift; path = medicines_appTests.swift; sourceTree = "<group>"; };
		93F00F72248E4FE00043C6C9 /* Info.plist */ = {isa = PBXFileReference; lastKnownFileType = text.plist.xml; path = Info.plist; sourceTree = "<group>"; };
		93F00F77248E4FE00043C6C9 /* medicines-appUITests.xctest */ = {isa = PBXFileReference; explicitFileType = wrapper.cfbundle; includeInIndex = 0; path = "medicines-appUITests.xctest"; sourceTree = BUILT_PRODUCTS_DIR; };
		93F00F7B248E4FE00043C6C9 /* medicines_appUITests.swift */ = {isa = PBXFileReference; lastKnownFileType = sourcecode.swift; path = medicines_appUITests.swift; sourceTree = "<group>"; };
		93F00F7D248E4FE00043C6C9 /* Info.plist */ = {isa = PBXFileReference; lastKnownFileType = text.plist.xml; path = Info.plist; sourceTree = "<group>"; };
		93F00F8E248E521B0043C6C9 /* ApiConfigConstant.swift */ = {isa = PBXFileReference; lastKnownFileType = sourcecode.swift; path = ApiConfigConstant.swift; sourceTree = "<group>"; };
		93F00F90248E523B0043C6C9 /* HttpHeaderConstant.swift */ = {isa = PBXFileReference; lastKnownFileType = sourcecode.swift; path = HttpHeaderConstant.swift; sourceTree = "<group>"; };
		93F00F92248E52540043C6C9 /* BaseApi.swift */ = {isa = PBXFileReference; lastKnownFileType = sourcecode.swift; path = BaseApi.swift; sourceTree = "<group>"; };
		93F00F94248E52770043C6C9 /* GenericResponse.swift */ = {isa = PBXFileReference; lastKnownFileType = sourcecode.swift; path = GenericResponse.swift; sourceTree = "<group>"; };
		93F00F96248E52A00043C6C9 /* MedicationResponse.swift */ = {isa = PBXFileReference; lastKnownFileType = sourcecode.swift; path = MedicationResponse.swift; sourceTree = "<group>"; };
		93F00F9A248E53840043C6C9 /* ApiMedications.swift */ = {isa = PBXFileReference; lastKnownFileType = sourcecode.swift; path = ApiMedications.swift; sourceTree = "<group>"; };
		93F00FA1248E53E60043C6C9 /* MedicineListContract.swift */ = {isa = PBXFileReference; lastKnownFileType = sourcecode.swift; path = MedicineListContract.swift; sourceTree = "<group>"; };
		93F00FA3248E54320043C6C9 /* MedicineListViewController.swift */ = {isa = PBXFileReference; lastKnownFileType = sourcecode.swift; path = MedicineListViewController.swift; sourceTree = "<group>"; };
		93F00FA5248E54480043C6C9 /* MedicineList.storyboard */ = {isa = PBXFileReference; lastKnownFileType = file.storyboard; path = MedicineList.storyboard; sourceTree = "<group>"; };
		93F00FA7248E54590043C6C9 /* MedicineListPresenter.swift */ = {isa = PBXFileReference; lastKnownFileType = sourcecode.swift; path = MedicineListPresenter.swift; sourceTree = "<group>"; };
		93F00FA9248E54680043C6C9 /* MedicineListInteractor.swift */ = {isa = PBXFileReference; lastKnownFileType = sourcecode.swift; path = MedicineListInteractor.swift; sourceTree = "<group>"; };
		93F00FAB248E54CE0043C6C9 /* MedicineListRouter.swift */ = {isa = PBXFileReference; lastKnownFileType = sourcecode.swift; path = MedicineListRouter.swift; sourceTree = "<group>"; };
		93F00FAD248E55400043C6C9 /* MedicineListTableViewCell.swift */ = {isa = PBXFileReference; lastKnownFileType = sourcecode.swift; path = MedicineListTableViewCell.swift; sourceTree = "<group>"; };
		93F00FAE248E55400043C6C9 /* MedicineListTableViewCell.xib */ = {isa = PBXFileReference; lastKnownFileType = file.xib; path = MedicineListTableViewCell.xib; sourceTree = "<group>"; };
		9C8A9730E1DD9F5B3A483714 /* Pods-medicines-appTests.release.xcconfig */ = {isa = PBXFileReference; includeInIndex = 1; lastKnownFileType = text.xcconfig; name = "Pods-medicines-appTests.release.xcconfig"; path = "Target Support Files/Pods-medicines-appTests/Pods-medicines-appTests.release.xcconfig"; sourceTree = "<group>"; };
		A2BF1AC0C716877B711A0197 /* Pods_medicines_app.framework */ = {isa = PBXFileReference; explicitFileType = wrapper.framework; includeInIndex = 0; path = Pods_medicines_app.framework; sourceTree = BUILT_PRODUCTS_DIR; };
		CA00CB0FEF98C67296CF6760 /* Pods-medicines-appTests.debug.xcconfig */ = {isa = PBXFileReference; includeInIndex = 1; lastKnownFileType = text.xcconfig; name = "Pods-medicines-appTests.debug.xcconfig"; path = "Target Support Files/Pods-medicines-appTests/Pods-medicines-appTests.debug.xcconfig"; sourceTree = "<group>"; };
		EE7CA27B34AFF774FA01E2C0 /* Pods_medicines_app_medicines_appUITests.framework */ = {isa = PBXFileReference; explicitFileType = wrapper.framework; includeInIndex = 0; path = Pods_medicines_app_medicines_appUITests.framework; sourceTree = BUILT_PRODUCTS_DIR; };
/* End PBXFileReference section */

/* Begin PBXFrameworksBuildPhase section */
		93F00F53248E4FDF0043C6C9 /* Frameworks */ = {
			isa = PBXFrameworksBuildPhase;
			buildActionMask = 2147483647;
			files = (
				B126A9D85CFC67FFEFC04064 /* Pods_medicines_app.framework in Frameworks */,
			);
			runOnlyForDeploymentPostprocessing = 0;
		};
		93F00F69248E4FE00043C6C9 /* Frameworks */ = {
			isa = PBXFrameworksBuildPhase;
			buildActionMask = 2147483647;
			files = (
				7C06F5EC6520672310088B7D /* Pods_medicines_appTests.framework in Frameworks */,
			);
			runOnlyForDeploymentPostprocessing = 0;
		};
		93F00F74248E4FE00043C6C9 /* Frameworks */ = {
			isa = PBXFrameworksBuildPhase;
			buildActionMask = 2147483647;
			files = (
				70849EB1A1B982F84B67E71F /* Pods_medicines_app_medicines_appUITests.framework in Frameworks */,
			);
			runOnlyForDeploymentPostprocessing = 0;
		};
/* End PBXFrameworksBuildPhase section */

/* Begin PBXGroup section */
		7ACB587254A78A05E09240B4 /* Pods */ = {
			isa = PBXGroup;
			children = (
				57286E7B6DFA5B3E805BEC22 /* Pods-medicines-app.debug.xcconfig */,
				65A670FCF094510FEE67E937 /* Pods-medicines-app.release.xcconfig */,
				417B21A63D7461CF31ACEF74 /* Pods-medicines-app-medicines-appUITests.debug.xcconfig */,
				4CC1F82B43F33BA5BC1A8887 /* Pods-medicines-app-medicines-appUITests.release.xcconfig */,
				CA00CB0FEF98C67296CF6760 /* Pods-medicines-appTests.debug.xcconfig */,
				9C8A9730E1DD9F5B3A483714 /* Pods-medicines-appTests.release.xcconfig */,
			);
			path = Pods;
			sourceTree = "<group>";
		};
		93F00F4D248E4FDF0043C6C9 = {
			isa = PBXGroup;
			children = (
				93F00F58248E4FDF0043C6C9 /* medicines-app */,
				93F00F6F248E4FE00043C6C9 /* medicines-appTests */,
				93F00F7A248E4FE00043C6C9 /* medicines-appUITests */,
				93F00F57248E4FDF0043C6C9 /* Products */,
				7ACB587254A78A05E09240B4 /* Pods */,
				C270AEF87322A1F4B32E2242 /* Frameworks */,
			);
			sourceTree = "<group>";
		};
		93F00F57248E4FDF0043C6C9 /* Products */ = {
			isa = PBXGroup;
			children = (
				93F00F56248E4FDF0043C6C9 /* medicines-app.app */,
				93F00F6C248E4FE00043C6C9 /* medicines-appTests.xctest */,
				93F00F77248E4FE00043C6C9 /* medicines-appUITests.xctest */,
			);
			name = Products;
			sourceTree = "<group>";
		};
		93F00F58248E4FDF0043C6C9 /* medicines-app */ = {
			isa = PBXGroup;
			children = (
				93F00F9C248E53B00043C6C9 /* New Group */,
				93F00F67248E4FE00043C6C9 /* Info.plist */,
				93F00F59248E4FDF0043C6C9 /* AppDelegate.swift */,
				93F00F5B248E4FDF0043C6C9 /* SceneDelegate.swift */,
				93F00F5D248E4FDF0043C6C9 /* ViewController.swift */,
				93F00F62248E4FE00043C6C9 /* Assets.xcassets */,
				93F00F8A248E51C50043C6C9 /* Apis */,
				93F00F8D248E51DD0043C6C9 /* Constant */,
				93F00F8B248E51CC0043C6C9 /* Entities */,
				93F00F64248E4FE00043C6C9 /* LaunchScreen.storyboard */,
				93F00F5F248E4FDF0043C6C9 /* Main.storyboard */,
				93F00F8C248E51D30043C6C9 /* Modules */,
			);
			path = "medicines-app";
			sourceTree = "<group>";
		};
		93F00F6F248E4FE00043C6C9 /* medicines-appTests */ = {
			isa = PBXGroup;
			children = (
				93F00F70248E4FE00043C6C9 /* medicines_appTests.swift */,
				93F00F72248E4FE00043C6C9 /* Info.plist */,
			);
			path = "medicines-appTests";
			sourceTree = "<group>";
		};
		93F00F7A248E4FE00043C6C9 /* medicines-appUITests */ = {
			isa = PBXGroup;
			children = (
				93F00F7B248E4FE00043C6C9 /* medicines_appUITests.swift */,
				93F00F7D248E4FE00043C6C9 /* Info.plist */,
			);
			path = "medicines-appUITests";
			sourceTree = "<group>";
		};
		93F00F8A248E51C50043C6C9 /* Apis */ = {
			isa = PBXGroup;
			children = (
				93F00F9A248E53840043C6C9 /* ApiMedications.swift */,
				93F00F92248E52540043C6C9 /* BaseApi.swift */,
			);
			path = Apis;
			sourceTree = "<group>";
		};
		93F00F8B248E51CC0043C6C9 /* Entities */ = {
			isa = PBXGroup;
			children = (
				93F00F94248E52770043C6C9 /* GenericResponse.swift */,
				93F00F96248E52A00043C6C9 /* MedicationResponse.swift */,
			);
			path = Entities;
			sourceTree = "<group>";
		};
		93F00F8C248E51D30043C6C9 /* Modules */ = {
			isa = PBXGroup;
			children = (
				93F00F9D248E53B90043C6C9 /* MedicineList */,
			);
			path = Modules;
			sourceTree = "<group>";
		};
		93F00F8D248E51DD0043C6C9 /* Constant */ = {
			isa = PBXGroup;
			children = (
				93F00F8E248E521B0043C6C9 /* ApiConfigConstant.swift */,
				93F00F90248E523B0043C6C9 /* HttpHeaderConstant.swift */,
			);
			path = Constant;
			sourceTree = "<group>";
		};
		93F00F9C248E53B00043C6C9 /* New Group */ = {
			isa = PBXGroup;
			children = (
			);
			path = "New Group";
			sourceTree = "<group>";
		};
		93F00F9D248E53B90043C6C9 /* MedicineList */ = {
			isa = PBXGroup;
			children = (
				93F00FA5248E54480043C6C9 /* MedicineList.storyboard */,
				93F00FA1248E53E60043C6C9 /* MedicineListContract.swift */,
				93F00FA9248E54680043C6C9 /* MedicineListInteractor.swift */,
				93F00FA7248E54590043C6C9 /* MedicineListPresenter.swift */,
				93F00FA3248E54320043C6C9 /* MedicineListViewController.swift */,
				93F00FAB248E54CE0043C6C9 /* MedicineListRouter.swift */,
				93F00F9E248E53C40043C6C9 /* Cell */,
			);
			path = MedicineList;
			sourceTree = "<group>";
		};
		93F00F9E248E53C40043C6C9 /* Cell */ = {
			isa = PBXGroup;
			children = (
				93F00FAD248E55400043C6C9 /* MedicineListTableViewCell.swift */,
				93F00FAE248E55400043C6C9 /* MedicineListTableViewCell.xib */,
			);
			path = Cell;
			sourceTree = "<group>";
		};
		C270AEF87322A1F4B32E2242 /* Frameworks */ = {
			isa = PBXGroup;
			children = (
				A2BF1AC0C716877B711A0197 /* Pods_medicines_app.framework */,
				EE7CA27B34AFF774FA01E2C0 /* Pods_medicines_app_medicines_appUITests.framework */,
				00080FE505A2F7599E61F949 /* Pods_medicines_appTests.framework */,
			);
			name = Frameworks;
			sourceTree = "<group>";
		};
/* End PBXGroup section */

/* Begin PBXNativeTarget section */
		93F00F55248E4FDF0043C6C9 /* medicines-app */ = {
			isa = PBXNativeTarget;
			buildConfigurationList = 93F00F80248E4FE00043C6C9 /* Build configuration list for PBXNativeTarget "medicines-app" */;
			buildPhases = (
				52A83C73B924DEEC9C5FC7D3 /* [CP] Check Pods Manifest.lock */,
				93F00F52248E4FDF0043C6C9 /* Sources */,
				93F00F53248E4FDF0043C6C9 /* Frameworks */,
				93F00F54248E4FDF0043C6C9 /* Resources */,
				223BAD562FE773B1A598DACD /* [CP] Embed Pods Frameworks */,
			);
			buildRules = (
			);
			dependencies = (
			);
			name = "medicines-app";
			productName = "medicines-app";
			productReference = 93F00F56248E4FDF0043C6C9 /* medicines-app.app */;
			productType = "com.apple.product-type.application";
		};
		93F00F6B248E4FE00043C6C9 /* medicines-appTests */ = {
			isa = PBXNativeTarget;
			buildConfigurationList = 93F00F83248E4FE00043C6C9 /* Build configuration list for PBXNativeTarget "medicines-appTests" */;
			buildPhases = (
				5FB98A5F4E238D2124A93AEA /* [CP] Check Pods Manifest.lock */,
				93F00F68248E4FE00043C6C9 /* Sources */,
				93F00F69248E4FE00043C6C9 /* Frameworks */,
				93F00F6A248E4FE00043C6C9 /* Resources */,
			);
			buildRules = (
			);
			dependencies = (
				93F00F6E248E4FE00043C6C9 /* PBXTargetDependency */,
			);
			name = "medicines-appTests";
			productName = "medicines-appTests";
			productReference = 93F00F6C248E4FE00043C6C9 /* medicines-appTests.xctest */;
			productType = "com.apple.product-type.bundle.unit-test";
		};
		93F00F76248E4FE00043C6C9 /* medicines-appUITests */ = {
			isa = PBXNativeTarget;
			buildConfigurationList = 93F00F86248E4FE00043C6C9 /* Build configuration list for PBXNativeTarget "medicines-appUITests" */;
			buildPhases = (
				7F48ADC5B5EFCDB624E838FE /* [CP] Check Pods Manifest.lock */,
				93F00F73248E4FE00043C6C9 /* Sources */,
				93F00F74248E4FE00043C6C9 /* Frameworks */,
				93F00F75248E4FE00043C6C9 /* Resources */,
				D4E43314E770F08A4753D8AC /* [CP] Embed Pods Frameworks */,
			);
			buildRules = (
			);
			dependencies = (
				93F00F79248E4FE00043C6C9 /* PBXTargetDependency */,
			);
			name = "medicines-appUITests";
			productName = "medicines-appUITests";
			productReference = 93F00F77248E4FE00043C6C9 /* medicines-appUITests.xctest */;
			productType = "com.apple.product-type.bundle.ui-testing";
		};
/* End PBXNativeTarget section */

/* Begin PBXProject section */
		93F00F4E248E4FDF0043C6C9 /* Project object */ = {
			isa = PBXProject;
			attributes = {
				LastSwiftUpdateCheck = 1130;
				LastUpgradeCheck = 1130;
				ORGANIZATIONNAME = "Pandu Abbiyuarsyah";
				TargetAttributes = {
					93F00F55248E4FDF0043C6C9 = {
						CreatedOnToolsVersion = 11.3.1;
					};
					93F00F6B248E4FE00043C6C9 = {
						CreatedOnToolsVersion = 11.3.1;
						TestTargetID = 93F00F55248E4FDF0043C6C9;
					};
					93F00F76248E4FE00043C6C9 = {
						CreatedOnToolsVersion = 11.3.1;
						TestTargetID = 93F00F55248E4FDF0043C6C9;
					};
				};
			};
			buildConfigurationList = 93F00F51248E4FDF0043C6C9 /* Build configuration list for PBXProject "medicines-app" */;
			compatibilityVersion = "Xcode 9.3";
			developmentRegion = en;
			hasScannedForEncodings = 0;
			knownRegions = (
				en,
				Base,
			);
			mainGroup = 93F00F4D248E4FDF0043C6C9;
			productRefGroup = 93F00F57248E4FDF0043C6C9 /* Products */;
			projectDirPath = "";
			projectRoot = "";
			targets = (
				93F00F55248E4FDF0043C6C9 /* medicines-app */,
				93F00F6B248E4FE00043C6C9 /* medicines-appTests */,
				93F00F76248E4FE00043C6C9 /* medicines-appUITests */,
			);
		};
/* End PBXProject section */

/* Begin PBXResourcesBuildPhase section */
		93F00F54248E4FDF0043C6C9 /* Resources */ = {
			isa = PBXResourcesBuildPhase;
			buildActionMask = 2147483647;
			files = (
				93F00FA6248E54480043C6C9 /* MedicineList.storyboard in Resources */,
				93F00F66248E4FE00043C6C9 /* LaunchScreen.storyboard in Resources */,
				93F00F63248E4FE00043C6C9 /* Assets.xcassets in Resources */,
				93F00F61248E4FDF0043C6C9 /* Main.storyboard in Resources */,
				93F00FB0248E55400043C6C9 /* MedicineListTableViewCell.xib in Resources */,
			);
			runOnlyForDeploymentPostprocessing = 0;
		};
		93F00F6A248E4FE00043C6C9 /* Resources */ = {
			isa = PBXResourcesBuildPhase;
			buildActionMask = 2147483647;
			files = (
			);
			runOnlyForDeploymentPostprocessing = 0;
		};
		93F00F75248E4FE00043C6C9 /* Resources */ = {
			isa = PBXResourcesBuildPhase;
			buildActionMask = 2147483647;
			files = (
			);
			runOnlyForDeploymentPostprocessing = 0;
		};
/* End PBXResourcesBuildPhase section */

/* Begin PBXShellScriptBuildPhase section */
		223BAD562FE773B1A598DACD /* [CP] Embed Pods Frameworks */ = {
			isa = PBXShellScriptBuildPhase;
			buildActionMask = 2147483647;
			files = (
			);
			inputFileListPaths = (
				"${PODS_ROOT}/Target Support Files/Pods-medicines-app/Pods-medicines-app-frameworks-${CONFIGURATION}-input-files.xcfilelist",
			);
			name = "[CP] Embed Pods Frameworks";
			outputFileListPaths = (
				"${PODS_ROOT}/Target Support Files/Pods-medicines-app/Pods-medicines-app-frameworks-${CONFIGURATION}-output-files.xcfilelist",
			);
			runOnlyForDeploymentPostprocessing = 0;
			shellPath = /bin/sh;
			shellScript = "\"${PODS_ROOT}/Target Support Files/Pods-medicines-app/Pods-medicines-app-frameworks.sh\"\n";
			showEnvVarsInLog = 0;
		};
		52A83C73B924DEEC9C5FC7D3 /* [CP] Check Pods Manifest.lock */ = {
			isa = PBXShellScriptBuildPhase;
			buildActionMask = 2147483647;
			files = (
			);
			inputFileListPaths = (
			);
			inputPaths = (
				"${PODS_PODFILE_DIR_PATH}/Podfile.lock",
				"${PODS_ROOT}/Manifest.lock",
			);
			name = "[CP] Check Pods Manifest.lock";
			outputFileListPaths = (
			);
			outputPaths = (
				"$(DERIVED_FILE_DIR)/Pods-medicines-app-checkManifestLockResult.txt",
			);
			runOnlyForDeploymentPostprocessing = 0;
			shellPath = /bin/sh;
			shellScript = "diff \"${PODS_PODFILE_DIR_PATH}/Podfile.lock\" \"${PODS_ROOT}/Manifest.lock\" > /dev/null\nif [ $? != 0 ] ; then\n    # print error to STDERR\n    echo \"error: The sandbox is not in sync with the Podfile.lock. Run 'pod install' or update your CocoaPods installation.\" >&2\n    exit 1\nfi\n# This output is used by Xcode 'outputs' to avoid re-running this script phase.\necho \"SUCCESS\" > \"${SCRIPT_OUTPUT_FILE_0}\"\n";
			showEnvVarsInLog = 0;
		};
		5FB98A5F4E238D2124A93AEA /* [CP] Check Pods Manifest.lock */ = {
			isa = PBXShellScriptBuildPhase;
			buildActionMask = 2147483647;
			files = (
			);
			inputFileListPaths = (
			);
			inputPaths = (
				"${PODS_PODFILE_DIR_PATH}/Podfile.lock",
				"${PODS_ROOT}/Manifest.lock",
			);
			name = "[CP] Check Pods Manifest.lock";
			outputFileListPaths = (
			);
			outputPaths = (
				"$(DERIVED_FILE_DIR)/Pods-medicines-appTests-checkManifestLockResult.txt",
			);
			runOnlyForDeploymentPostprocessing = 0;
			shellPath = /bin/sh;
			shellScript = "diff \"${PODS_PODFILE_DIR_PATH}/Podfile.lock\" \"${PODS_ROOT}/Manifest.lock\" > /dev/null\nif [ $? != 0 ] ; then\n    # print error to STDERR\n    echo \"error: The sandbox is not in sync with the Podfile.lock. Run 'pod install' or update your CocoaPods installation.\" >&2\n    exit 1\nfi\n# This output is used by Xcode 'outputs' to avoid re-running this script phase.\necho \"SUCCESS\" > \"${SCRIPT_OUTPUT_FILE_0}\"\n";
			showEnvVarsInLog = 0;
		};
		7F48ADC5B5EFCDB624E838FE /* [CP] Check Pods Manifest.lock */ = {
			isa = PBXShellScriptBuildPhase;
			buildActionMask = 2147483647;
			files = (
			);
			inputFileListPaths = (
			);
			inputPaths = (
				"${PODS_PODFILE_DIR_PATH}/Podfile.lock",
				"${PODS_ROOT}/Manifest.lock",
			);
			name = "[CP] Check Pods Manifest.lock";
			outputFileListPaths = (
			);
			outputPaths = (
				"$(DERIVED_FILE_DIR)/Pods-medicines-app-medicines-appUITests-checkManifestLockResult.txt",
			);
			runOnlyForDeploymentPostprocessing = 0;
			shellPath = /bin/sh;
			shellScript = "diff \"${PODS_PODFILE_DIR_PATH}/Podfile.lock\" \"${PODS_ROOT}/Manifest.lock\" > /dev/null\nif [ $? != 0 ] ; then\n    # print error to STDERR\n    echo \"error: The sandbox is not in sync with the Podfile.lock. Run 'pod install' or update your CocoaPods installation.\" >&2\n    exit 1\nfi\n# This output is used by Xcode 'outputs' to avoid re-running this script phase.\necho \"SUCCESS\" > \"${SCRIPT_OUTPUT_FILE_0}\"\n";
			showEnvVarsInLog = 0;
		};
		D4E43314E770F08A4753D8AC /* [CP] Embed Pods Frameworks */ = {
			isa = PBXShellScriptBuildPhase;
			buildActionMask = 2147483647;
			files = (
			);
			inputFileListPaths = (
				"${PODS_ROOT}/Target Support Files/Pods-medicines-app-medicines-appUITests/Pods-medicines-app-medicines-appUITests-frameworks-${CONFIGURATION}-input-files.xcfilelist",
			);
			name = "[CP] Embed Pods Frameworks";
			outputFileListPaths = (
				"${PODS_ROOT}/Target Support Files/Pods-medicines-app-medicines-appUITests/Pods-medicines-app-medicines-appUITests-frameworks-${CONFIGURATION}-output-files.xcfilelist",
			);
			runOnlyForDeploymentPostprocessing = 0;
			shellPath = /bin/sh;
			shellScript = "\"${PODS_ROOT}/Target Support Files/Pods-medicines-app-medicines-appUITests/Pods-medicines-app-medicines-appUITests-frameworks.sh\"\n";
			showEnvVarsInLog = 0;
		};
/* End PBXShellScriptBuildPhase section */

/* Begin PBXSourcesBuildPhase section */
		93F00F52248E4FDF0043C6C9 /* Sources */ = {
			isa = PBXSourcesBuildPhase;
			buildActionMask = 2147483647;
			files = (
				93F00F8F248E521B0043C6C9 /* ApiConfigConstant.swift in Sources */,
				93F00F5E248E4FDF0043C6C9 /* ViewController.swift in Sources */,
				93F00FAA248E54680043C6C9 /* MedicineListInteractor.swift in Sources */,
				93F00F5A248E4FDF0043C6C9 /* AppDelegate.swift in Sources */,
				93F00F91248E523B0043C6C9 /* HttpHeaderConstant.swift in Sources */,
				93F00FA8248E54590043C6C9 /* MedicineListPresenter.swift in Sources */,
				93F00F5C248E4FDF0043C6C9 /* SceneDelegate.swift in Sources */,
				93F00FA4248E54320043C6C9 /* MedicineListViewController.swift in Sources */,
				93F00FAC248E54CE0043C6C9 /* MedicineListRouter.swift in Sources */,
				93F00F93248E52540043C6C9 /* BaseApi.swift in Sources */,
				93F00F9B248E53840043C6C9 /* ApiMedications.swift in Sources */,
				93F00F97248E52A00043C6C9 /* MedicationResponse.swift in Sources */,
				93F00FA2248E53E60043C6C9 /* MedicineListContract.swift in Sources */,
				93F00FAF248E55400043C6C9 /* MedicineListTableViewCell.swift in Sources */,
				93F00F95248E52770043C6C9 /* GenericResponse.swift in Sources */,
			);
			runOnlyForDeploymentPostprocessing = 0;
		};
		93F00F68248E4FE00043C6C9 /* Sources */ = {
			isa = PBXSourcesBuildPhase;
			buildActionMask = 2147483647;
			files = (
				93F00F71248E4FE00043C6C9 /* medicines_appTests.swift in Sources */,
			);
			runOnlyForDeploymentPostprocessing = 0;
		};
		93F00F73248E4FE00043C6C9 /* Sources */ = {
			isa = PBXSourcesBuildPhase;
			buildActionMask = 2147483647;
			files = (
				93F00F7C248E4FE00043C6C9 /* medicines_appUITests.swift in Sources */,
			);
			runOnlyForDeploymentPostprocessing = 0;
		};
/* End PBXSourcesBuildPhase section */

/* Begin PBXTargetDependency section */
		93F00F6E248E4FE00043C6C9 /* PBXTargetDependency */ = {
			isa = PBXTargetDependency;
			target = 93F00F55248E4FDF0043C6C9 /* medicines-app */;
			targetProxy = 93F00F6D248E4FE00043C6C9 /* PBXContainerItemProxy */;
		};
		93F00F79248E4FE00043C6C9 /* PBXTargetDependency */ = {
			isa = PBXTargetDependency;
			target = 93F00F55248E4FDF0043C6C9 /* medicines-app */;
			targetProxy = 93F00F78248E4FE00043C6C9 /* PBXContainerItemProxy */;
		};
/* End PBXTargetDependency section */

/* Begin PBXVariantGroup section */
		93F00F5F248E4FDF0043C6C9 /* Main.storyboard */ = {
			isa = PBXVariantGroup;
			children = (
				93F00F60248E4FDF0043C6C9 /* Base */,
			);
			name = Main.storyboard;
			sourceTree = "<group>";
		};
		93F00F64248E4FE00043C6C9 /* LaunchScreen.storyboard */ = {
			isa = PBXVariantGroup;
			children = (
				93F00F65248E4FE00043C6C9 /* Base */,
			);
			name = LaunchScreen.storyboard;
			sourceTree = "<group>";
		};
/* End PBXVariantGroup section */

/* Begin XCBuildConfiguration section */
		93F00F7E248E4FE00043C6C9 /* Debug */ = {
			isa = XCBuildConfiguration;
			buildSettings = {
				ALWAYS_SEARCH_USER_PATHS = NO;
				CLANG_ANALYZER_NONNULL = YES;
				CLANG_ANALYZER_NUMBER_OBJECT_CONVERSION = YES_AGGRESSIVE;
				CLANG_CXX_LANGUAGE_STANDARD = "gnu++14";
				CLANG_CXX_LIBRARY = "libc++";
				CLANG_ENABLE_MODULES = YES;
				CLANG_ENABLE_OBJC_ARC = YES;
				CLANG_ENABLE_OBJC_WEAK = YES;
				CLANG_WARN_BLOCK_CAPTURE_AUTORELEASING = YES;
				CLANG_WARN_BOOL_CONVERSION = YES;
				CLANG_WARN_COMMA = YES;
				CLANG_WARN_CONSTANT_CONVERSION = YES;
				CLANG_WARN_DEPRECATED_OBJC_IMPLEMENTATIONS = YES;
				CLANG_WARN_DIRECT_OBJC_ISA_USAGE = YES_ERROR;
				CLANG_WARN_DOCUMENTATION_COMMENTS = YES;
				CLANG_WARN_EMPTY_BODY = YES;
				CLANG_WARN_ENUM_CONVERSION = YES;
				CLANG_WARN_INFINITE_RECURSION = YES;
				CLANG_WARN_INT_CONVERSION = YES;
				CLANG_WARN_NON_LITERAL_NULL_CONVERSION = YES;
				CLANG_WARN_OBJC_IMPLICIT_RETAIN_SELF = YES;
				CLANG_WARN_OBJC_LITERAL_CONVERSION = YES;
				CLANG_WARN_OBJC_ROOT_CLASS = YES_ERROR;
				CLANG_WARN_RANGE_LOOP_ANALYSIS = YES;
				CLANG_WARN_STRICT_PROTOTYPES = YES;
				CLANG_WARN_SUSPICIOUS_MOVE = YES;
				CLANG_WARN_UNGUARDED_AVAILABILITY = YES_AGGRESSIVE;
				CLANG_WARN_UNREACHABLE_CODE = YES;
				CLANG_WARN__DUPLICATE_METHOD_MATCH = YES;
				COPY_PHASE_STRIP = NO;
				DEBUG_INFORMATION_FORMAT = dwarf;
				ENABLE_STRICT_OBJC_MSGSEND = YES;
				ENABLE_TESTABILITY = YES;
				GCC_C_LANGUAGE_STANDARD = gnu11;
				GCC_DYNAMIC_NO_PIC = NO;
				GCC_NO_COMMON_BLOCKS = YES;
				GCC_OPTIMIZATION_LEVEL = 0;
				GCC_PREPROCESSOR_DEFINITIONS = (
					"DEBUG=1",
					"$(inherited)",
				);
				GCC_WARN_64_TO_32_BIT_CONVERSION = YES;
				GCC_WARN_ABOUT_RETURN_TYPE = YES_ERROR;
				GCC_WARN_UNDECLARED_SELECTOR = YES;
				GCC_WARN_UNINITIALIZED_AUTOS = YES_AGGRESSIVE;
				GCC_WARN_UNUSED_FUNCTION = YES;
				GCC_WARN_UNUSED_VARIABLE = YES;
				IPHONEOS_DEPLOYMENT_TARGET = 13.2;
				MTL_ENABLE_DEBUG_INFO = INCLUDE_SOURCE;
				MTL_FAST_MATH = YES;
				ONLY_ACTIVE_ARCH = YES;
				SDKROOT = iphoneos;
				SWIFT_ACTIVE_COMPILATION_CONDITIONS = DEBUG;
				SWIFT_OPTIMIZATION_LEVEL = "-Onone";
			};
			name = Debug;
		};
		93F00F7F248E4FE00043C6C9 /* Release */ = {
			isa = XCBuildConfiguration;
			buildSettings = {
				ALWAYS_SEARCH_USER_PATHS = NO;
				CLANG_ANALYZER_NONNULL = YES;
				CLANG_ANALYZER_NUMBER_OBJECT_CONVERSION = YES_AGGRESSIVE;
				CLANG_CXX_LANGUAGE_STANDARD = "gnu++14";
				CLANG_CXX_LIBRARY = "libc++";
				CLANG_ENABLE_MODULES = YES;
				CLANG_ENABLE_OBJC_ARC = YES;
				CLANG_ENABLE_OBJC_WEAK = YES;
				CLANG_WARN_BLOCK_CAPTURE_AUTORELEASING = YES;
				CLANG_WARN_BOOL_CONVERSION = YES;
				CLANG_WARN_COMMA = YES;
				CLANG_WARN_CONSTANT_CONVERSION = YES;
				CLANG_WARN_DEPRECATED_OBJC_IMPLEMENTATIONS = YES;
				CLANG_WARN_DIRECT_OBJC_ISA_USAGE = YES_ERROR;
				CLANG_WARN_DOCUMENTATION_COMMENTS = YES;
				CLANG_WARN_EMPTY_BODY = YES;
				CLANG_WARN_ENUM_CONVERSION = YES;
				CLANG_WARN_INFINITE_RECURSION = YES;
				CLANG_WARN_INT_CONVERSION = YES;
				CLANG_WARN_NON_LITERAL_NULL_CONVERSION = YES;
				CLANG_WARN_OBJC_IMPLICIT_RETAIN_SELF = YES;
				CLANG_WARN_OBJC_LITERAL_CONVERSION = YES;
				CLANG_WARN_OBJC_ROOT_CLASS = YES_ERROR;
				CLANG_WARN_RANGE_LOOP_ANALYSIS = YES;
				CLANG_WARN_STRICT_PROTOTYPES = YES;
				CLANG_WARN_SUSPICIOUS_MOVE = YES;
				CLANG_WARN_UNGUARDED_AVAILABILITY = YES_AGGRESSIVE;
				CLANG_WARN_UNREACHABLE_CODE = YES;
				CLANG_WARN__DUPLICATE_METHOD_MATCH = YES;
				COPY_PHASE_STRIP = NO;
				DEBUG_INFORMATION_FORMAT = "dwarf-with-dsym";
				ENABLE_NS_ASSERTIONS = NO;
				ENABLE_STRICT_OBJC_MSGSEND = YES;
				GCC_C_LANGUAGE_STANDARD = gnu11;
				GCC_NO_COMMON_BLOCKS = YES;
				GCC_WARN_64_TO_32_BIT_CONVERSION = YES;
				GCC_WARN_ABOUT_RETURN_TYPE = YES_ERROR;
				GCC_WARN_UNDECLARED_SELECTOR = YES;
				GCC_WARN_UNINITIALIZED_AUTOS = YES_AGGRESSIVE;
				GCC_WARN_UNUSED_FUNCTION = YES;
				GCC_WARN_UNUSED_VARIABLE = YES;
				IPHONEOS_DEPLOYMENT_TARGET = 13.2;
				MTL_ENABLE_DEBUG_INFO = NO;
				MTL_FAST_MATH = YES;
				SDKROOT = iphoneos;
				SWIFT_COMPILATION_MODE = wholemodule;
				SWIFT_OPTIMIZATION_LEVEL = "-O";
				VALIDATE_PRODUCT = YES;
			};
			name = Release;
		};
		93F00F81248E4FE00043C6C9 /* Debug */ = {
			isa = XCBuildConfiguration;
			baseConfigurationReference = 57286E7B6DFA5B3E805BEC22 /* Pods-medicines-app.debug.xcconfig */;
			buildSettings = {
				ASSETCATALOG_COMPILER_APPICON_NAME = AppIcon;
				CODE_SIGN_STYLE = Automatic;
				INFOPLIST_FILE = "medicines-app/Info.plist";
				LD_RUNPATH_SEARCH_PATHS = (
					"$(inherited)",
					"@executable_path/Frameworks",
				);
				PRODUCT_BUNDLE_IDENTIFIER = "abbiyuarsyah.medicines-app";
				PRODUCT_NAME = "$(TARGET_NAME)";
				SWIFT_VERSION = 5.0;
				TARGETED_DEVICE_FAMILY = "1,2";
			};
			name = Debug;
		};
		93F00F82248E4FE00043C6C9 /* Release */ = {
			isa = XCBuildConfiguration;
			baseConfigurationReference = 65A670FCF094510FEE67E937 /* Pods-medicines-app.release.xcconfig */;
			buildSettings = {
				ASSETCATALOG_COMPILER_APPICON_NAME = AppIcon;
				CODE_SIGN_STYLE = Automatic;
				INFOPLIST_FILE = "medicines-app/Info.plist";
				LD_RUNPATH_SEARCH_PATHS = (
					"$(inherited)",
					"@executable_path/Frameworks",
				);
				PRODUCT_BUNDLE_IDENTIFIER = "abbiyuarsyah.medicines-app";
				PRODUCT_NAME = "$(TARGET_NAME)";
				SWIFT_VERSION = 5.0;
				TARGETED_DEVICE_FAMILY = "1,2";
			};
			name = Release;
		};
		93F00F84248E4FE00043C6C9 /* Debug */ = {
			isa = XCBuildConfiguration;
			baseConfigurationReference = CA00CB0FEF98C67296CF6760 /* Pods-medicines-appTests.debug.xcconfig */;
			buildSettings = {
				ALWAYS_EMBED_SWIFT_STANDARD_LIBRARIES = YES;
				BUNDLE_LOADER = "$(TEST_HOST)";
				CODE_SIGN_STYLE = Automatic;
				INFOPLIST_FILE = "medicines-appTests/Info.plist";
				IPHONEOS_DEPLOYMENT_TARGET = 13.2;
				LD_RUNPATH_SEARCH_PATHS = (
					"$(inherited)",
					"@executable_path/Frameworks",
					"@loader_path/Frameworks",
				);
				PRODUCT_BUNDLE_IDENTIFIER = "abbiyuarsyah.medicines-appTests";
				PRODUCT_NAME = "$(TARGET_NAME)";
				SWIFT_VERSION = 5.0;
				TARGETED_DEVICE_FAMILY = "1,2";
				TEST_HOST = "$(BUILT_PRODUCTS_DIR)/medicines-app.app/medicines-app";
			};
			name = Debug;
		};
		93F00F85248E4FE00043C6C9 /* Release */ = {
			isa = XCBuildConfiguration;
			baseConfigurationReference = 9C8A9730E1DD9F5B3A483714 /* Pods-medicines-appTests.release.xcconfig */;
			buildSettings = {
				ALWAYS_EMBED_SWIFT_STANDARD_LIBRARIES = YES;
				BUNDLE_LOADER = "$(TEST_HOST)";
				CODE_SIGN_STYLE = Automatic;
				INFOPLIST_FILE = "medicines-appTests/Info.plist";
				IPHONEOS_DEPLOYMENT_TARGET = 13.2;
				LD_RUNPATH_SEARCH_PATHS = (
					"$(inherited)",
					"@executable_path/Frameworks",
					"@loader_path/Frameworks",
				);
				PRODUCT_BUNDLE_IDENTIFIER = "abbiyuarsyah.medicines-appTests";
				PRODUCT_NAME = "$(TARGET_NAME)";
				SWIFT_VERSION = 5.0;
				TARGETED_DEVICE_FAMILY = "1,2";
				TEST_HOST = "$(BUILT_PRODUCTS_DIR)/medicines-app.app/medicines-app";
			};
			name = Release;
		};
		93F00F87248E4FE00043C6C9 /* Debug */ = {
			isa = XCBuildConfiguration;
			baseConfigurationReference = 417B21A63D7461CF31ACEF74 /* Pods-medicines-app-medicines-appUITests.debug.xcconfig */;
			buildSettings = {
				ALWAYS_EMBED_SWIFT_STANDARD_LIBRARIES = YES;
				CODE_SIGN_STYLE = Automatic;
				INFOPLIST_FILE = "medicines-appUITests/Info.plist";
				LD_RUNPATH_SEARCH_PATHS = (
					"$(inherited)",
					"@executable_path/Frameworks",
					"@loader_path/Frameworks",
				);
				PRODUCT_BUNDLE_IDENTIFIER = "abbiyuarsyah.medicines-appUITests";
				PRODUCT_NAME = "$(TARGET_NAME)";
				SWIFT_VERSION = 5.0;
				TARGETED_DEVICE_FAMILY = "1,2";
				TEST_TARGET_NAME = "medicines-app";
			};
			name = Debug;
		};
		93F00F88248E4FE00043C6C9 /* Release */ = {
			isa = XCBuildConfiguration;
			baseConfigurationReference = 4CC1F82B43F33BA5BC1A8887 /* Pods-medicines-app-medicines-appUITests.release.xcconfig */;
			buildSettings = {
				ALWAYS_EMBED_SWIFT_STANDARD_LIBRARIES = YES;
				CODE_SIGN_STYLE = Automatic;
				INFOPLIST_FILE = "medicines-appUITests/Info.plist";
				LD_RUNPATH_SEARCH_PATHS = (
					"$(inherited)",
					"@executable_path/Frameworks",
					"@loader_path/Frameworks",
				);
				PRODUCT_BUNDLE_IDENTIFIER = "abbiyuarsyah.medicines-appUITests";
				PRODUCT_NAME = "$(TARGET_NAME)";
				SWIFT_VERSION = 5.0;
				TARGETED_DEVICE_FAMILY = "1,2";
				TEST_TARGET_NAME = "medicines-app";
			};
			name = Release;
		};
/* End XCBuildConfiguration section */

/* Begin XCConfigurationList section */
		93F00F51248E4FDF0043C6C9 /* Build configuration list for PBXProject "medicines-app" */ = {
			isa = XCConfigurationList;
			buildConfigurations = (
				93F00F7E248E4FE00043C6C9 /* Debug */,
				93F00F7F248E4FE00043C6C9 /* Release */,
			);
			defaultConfigurationIsVisible = 0;
			defaultConfigurationName = Release;
		};
		93F00F80248E4FE00043C6C9 /* Build configuration list for PBXNativeTarget "medicines-app" */ = {
			isa = XCConfigurationList;
			buildConfigurations = (
				93F00F81248E4FE00043C6C9 /* Debug */,
				93F00F82248E4FE00043C6C9 /* Release */,
			);
			defaultConfigurationIsVisible = 0;
			defaultConfigurationName = Release;
		};
		93F00F83248E4FE00043C6C9 /* Build configuration list for PBXNativeTarget "medicines-appTests" */ = {
			isa = XCConfigurationList;
			buildConfigurations = (
				93F00F84248E4FE00043C6C9 /* Debug */,
				93F00F85248E4FE00043C6C9 /* Release */,
			);
			defaultConfigurationIsVisible = 0;
			defaultConfigurationName = Release;
		};
		93F00F86248E4FE00043C6C9 /* Build configuration list for PBXNativeTarget "medicines-appUITests" */ = {
			isa = XCConfigurationList;
			buildConfigurations = (
				93F00F87248E4FE00043C6C9 /* Debug */,
				93F00F88248E4FE00043C6C9 /* Release */,
			);
			defaultConfigurationIsVisible = 0;
			defaultConfigurationName = Release;
		};
/* End XCConfigurationList section */
	};
	rootObject = 93F00F4E248E4FDF0043C6C9 /* Project object */;
}
